
Microsoft Visual Studio Solution File, Format Version 12.00
# Visual Studio Version 17
VisualStudioVersion = 17.14.36414.22
MinimumVisualStudioVersion = 10.0.40219.1
Project("{FAE04EC0-301F-11D3-BF4B-00C04F79EFBC}") = "mainParqueo", "mainParqueo.csproj", "{4F763615-4D56-4C78-A983-AE04EA69C8A9}"
EndProject
Project("{FAE04EC0-301F-11D3-BF4B-00C04F79EFBC}") = "Api Parqueo", "..\Api Parqueo\Api Parqueo.csproj", "{505DC703-4C1E-413A-8881-3898376A13D6}"
EndProject
Project("{FAE04EC0-301F-11D3-BF4B-00C04F79EFBC}") = "Tablas", "..\Tablas\Tablas.csproj", "{D22BEBF6-16C8-4DA7-9E00-4D4779DF4583}"
EndProject
Global
	GlobalSection(SolutionConfigurationPlatforms) = preSolution
		Debug|Any CPU = Debug|Any CPU
		Release|Any CPU = Release|Any CPU
	EndGlobalSection
	GlobalSection(ProjectConfigurationPlatforms) = postSolution
		{4F763615-4D56-4C78-A983-AE04EA69C8A9}.Debug|Any CPU.ActiveCfg = Debug|Any CPU
		{4F763615-4D56-4C78-A983-AE04EA69C8A9}.Debug|Any CPU.Build.0 = Debug|Any CPU
		{4F763615-4D56-4C78-A983-AE04EA69C8A9}.Release|Any CPU.ActiveCfg = Release|Any CPU
		{4F763615-4D56-4C78-A983-AE04EA69C8A9}.Release|Any CPU.Build.0 = Release|Any CPU
		{505DC703-4C1E-413A-8881-3898376A13D6}.Debug|Any CPU.ActiveCfg = Debug|Any CPU
		{505DC703-4C1E-413A-8881-3898376A13D6}.Debug|Any CPU.Build.0 = Debug|Any CPU
		{505DC703-4C1E-413A-8881-3898376A13D6}.Release|Any CPU.ActiveCfg = Release|Any CPU
		{505DC703-4C1E-413A-8881-3898376A13D6}.Release|Any CPU.Build.0 = Release|Any CPU
		{D22BEBF6-16C8-4DA7-9E00-4D4779DF4583}.Debug|Any CPU.ActiveCfg = Debug|Any CPU
		{D22BEBF6-16C8-4DA7-9E00-4D4779DF4583}.Debug|Any CPU.Build.0 = Debug|Any CPU
		{D22BEBF6-16C8-4DA7-9E00-4D4779DF4583}.Release|Any CPU.ActiveCfg = Release|Any CPU
		{D22BEBF6-16C8-4DA7-9E00-4D4779DF4583}.Release|Any CPU.Build.0 = Release|Any CPU
	EndGlobalSection
	GlobalSection(SolutionProperties) = preSolution
		HideSolutionNode = FALSE
	EndGlobalSection
	GlobalSection(ExtensibilityGlobals) = postSolution
		SolutionGuid = {D4A0F0C9-B2AD-4E50-A8C3-383FCFE5A4C9}
	EndGlobalSection
EndGlobal
