
Microsoft Visual Studio Solution File, Format Version 12.00
# Visual Studio Version 17
VisualStudioVersion = 17.12.35707.178 d17.12
MinimumVisualStudioVersion = 10.0.40219.1
Project("{FAE04EC0-301F-11D3-BF4B-00C04F79EFBC}") = "MiprimerApi(sin apiController)", "MiprimerApi(sin apiController).csproj", "{073DEEC9-1D5F-4A00-B9C2-69FEDC0DC7AB}"
EndProject
Global
	GlobalSection(SolutionConfigurationPlatforms) = preSolution
		Debug|Any CPU = Debug|Any CPU
		Release|Any CPU = Release|Any CPU
	EndGlobalSection
	GlobalSection(ProjectConfigurationPlatforms) = postSolution
		{073DEEC9-1D5F-4A00-B9C2-69FEDC0DC7AB}.Debug|Any CPU.ActiveCfg = Debug|Any CPU
		{073DEEC9-1D5F-4A00-B9C2-69FEDC0DC7AB}.Debug|Any CPU.Build.0 = Debug|Any CPU
		{073DEEC9-1D5F-4A00-B9C2-69FEDC0DC7AB}.Release|Any CPU.ActiveCfg = Release|Any CPU
		{073DEEC9-1D5F-4A00-B9C2-69FEDC0DC7AB}.Release|Any CPU.Build.0 = Release|Any CPU
	EndGlobalSection
	GlobalSection(SolutionProperties) = preSolution
		HideSolutionNode = FALSE
	EndGlobalSection
EndGlobal
